// !$*UTF8*$!
{
	archiveVersion = 1;
	classes = {
	};
	objectVersion = 48;
	objects = {

/* Begin PBXBuildFile section */
		EE052C471F83CC0E00535ABA /* Generate_Cloud.cpp in Sources */ = {isa = PBXBuildFile; fileRef = EE052C361F83CC0D00535ABA /* Generate_Cloud.cpp */; };
		EE052C481F83CC0E00535ABA /* Input.cpp in Sources */ = {isa = PBXBuildFile; fileRef = EE052C381F83CC0D00535ABA /* Input.cpp */; };
		EE052C491F83CC0E00535ABA /* Data_Pt.cpp in Sources */ = {isa = PBXBuildFile; fileRef = EE052C3C1F83CC0D00535ABA /* Data_Pt.cpp */; };
		EE23282A1FDEF1A30000D309 /* Run_Input.cpp in Sources */ = {isa = PBXBuildFile; fileRef = EE2328291FDEF1A30000D309 /* Run_Input.cpp */; };
/* End PBXBuildFile section */

/* Begin PBXCopyFilesBuildPhase section */
		EE052C131F83C3C900535ABA /* CopyFiles */ = {
			isa = PBXCopyFilesBuildPhase;
			buildActionMask = 2147483647;
			dstPath = /usr/share/man/man1/;
			dstSubfolderSpec = 0;
			files = (
			);
			runOnlyForDeploymentPostprocessing = 1;
		};
/* End PBXCopyFilesBuildPhase section */

/* Begin PBXFileReference section */
		EE0354B1216CF4E200CF52AF /* Diagonal_Edges.h */ = {isa = PBXFileReference; lastKnownFileType = sourcecode.c.h; path = Diagonal_Edges.h; sourceTree = "<group>"; };
		EE052C151F83C3C900535ABA /* Generate_Cloud */ = {isa = PBXFileReference; explicitFileType = "compiled.mach-o.executable"; includeInIndex = 0; path = Generate_Cloud; sourceTree = BUILT_PRODUCTS_DIR; };
		EE052C331F83CC0C00535ABA /* Write_Cloud.h */ = {isa = PBXFileReference; fileEncoding = 4; lastKnownFileType = sourcecode.c.h; path = Write_Cloud.h; sourceTree = "<group>"; };
		EE052C351F83CC0C00535ABA /* Read_Input.h */ = {isa = PBXFileReference; fileEncoding = 4; lastKnownFileType = sourcecode.c.h; path = Read_Input.h; sourceTree = "<group>"; };
		EE052C361F83CC0D00535ABA /* Generate_Cloud.cpp */ = {isa = PBXFileReference; fileEncoding = 4; lastKnownFileType = sourcecode.cpp.cpp; path = Generate_Cloud.cpp; sourceTree = "<group>"; };
		EE052C371F83CC0D00535ABA /* Generate_Pt.h */ = {isa = PBXFileReference; fileEncoding = 4; lastKnownFileType = sourcecode.c.h; path = Generate_Pt.h; sourceTree = "<group>"; };
		EE052C381F83CC0D00535ABA /* Input.cpp */ = {isa = PBXFileReference; fileEncoding = 4; lastKnownFileType = sourcecode.cpp.cpp; path = Input.cpp; sourceTree = "<group>"; };
		EE052C391F83CC0D00535ABA /* Num_To_String.h */ = {isa = PBXFileReference; fileEncoding = 4; lastKnownFileType = sourcecode.c.h; path = Num_To_String.h; sourceTree = "<group>"; };
		EE052C3A1F83CC0D00535ABA /* Input.h */ = {isa = PBXFileReference; fileEncoding = 4; lastKnownFileType = sourcecode.c.h; path = Input.h; sourceTree = "<group>"; };
		EE052C3B1F83CC0D00535ABA /* Wheel_Graph.h */ = {isa = PBXFileReference; fileEncoding = 4; lastKnownFileType = sourcecode.c.h; path = Wheel_Graph.h; sourceTree = "<group>"; };
		EE052C3C1F83CC0D00535ABA /* Data_Pt.cpp */ = {isa = PBXFileReference; fileEncoding = 4; lastKnownFileType = sourcecode.cpp.cpp; path = Data_Pt.cpp; sourceTree = "<group>"; };
		EE052C3F1F83CC0D00535ABA /* File_Name.h */ = {isa = PBXFileReference; fileEncoding = 4; lastKnownFileType = sourcecode.c.h; path = File_Name.h; sourceTree = "<group>"; };
		EE052C401F83CC0E00535ABA /* Graph.h */ = {isa = PBXFileReference; fileEncoding = 4; lastKnownFileType = sourcecode.c.h; path = Graph.h; sourceTree = "<group>"; };
		EE052C411F83CC0E00535ABA /* Generate_Graph.h */ = {isa = PBXFileReference; fileEncoding = 4; lastKnownFileType = sourcecode.c.h; path = Generate_Graph.h; sourceTree = "<group>"; };
		EE052C421F83CC0E00535ABA /* Data_Pt.h */ = {isa = PBXFileReference; fileEncoding = 4; lastKnownFileType = sourcecode.c.h; path = Data_Pt.h; sourceTree = "<group>"; };
		EE052C431F83CC0E00535ABA /* Grid_Graph.h */ = {isa = PBXFileReference; fileEncoding = 4; lastKnownFileType = sourcecode.c.h; path = Grid_Graph.h; sourceTree = "<group>"; };
		EE052C451F83CC0E00535ABA /* Generate_Cloud.h */ = {isa = PBXFileReference; fileEncoding = 4; lastKnownFileType = sourcecode.c.h; path = Generate_Cloud.h; sourceTree = "<group>"; };
		EE2328261FDEABE20000D309 /* Squares_Graph.h */ = {isa = PBXFileReference; lastKnownFileType = sourcecode.c.h; path = Squares_Graph.h; sourceTree = "<group>"; };
		EE2328271FDEDE8B0000D309 /* Betti_Num.h */ = {isa = PBXFileReference; fileEncoding = 4; lastKnownFileType = sourcecode.c.h; path = Betti_Num.h; sourceTree = "<group>"; };
		EE2328281FDEF0320000D309 /* Run_Input.h */ = {isa = PBXFileReference; lastKnownFileType = sourcecode.c.h; path = Run_Input.h; sourceTree = "<group>"; };
		EE2328291FDEF1A30000D309 /* Run_Input.cpp */ = {isa = PBXFileReference; lastKnownFileType = sourcecode.cpp.cpp; path = Run_Input.cpp; sourceTree = "<group>"; };
		EE23282B1FDEF2FF0000D309 /* Write_Input.h */ = {isa = PBXFileReference; lastKnownFileType = sourcecode.c.h; path = Write_Input.h; sourceTree = "<group>"; };
		EE3AC4CB1F8B7DDC00B663E7 /* Scaling_Parameters.h */ = {isa = PBXFileReference; fileEncoding = 4; lastKnownFileType = sourcecode.c.h; path = Scaling_Parameters.h; sourceTree = "<group>"; };
		EE3AC4CC1F8B7E8800B663E7 /* Write_Cloud_Image.h */ = {isa = PBXFileReference; lastKnownFileType = sourcecode.c.h; path = Write_Cloud_Image.h; sourceTree = "<group>"; };
		EE3AC4CD1F8B7EF400B663E7 /* Draw_Cloud.h */ = {isa = PBXFileReference; lastKnownFileType = sourcecode.c.h; path = Draw_Cloud.h; sourceTree = "<group>"; };
		EE67631F209C882800CAE2AB /* Draw_Graph.h */ = {isa = PBXFileReference; lastKnownFileType = sourcecode.c.h; path = Draw_Graph.h; sourceTree = "<group>"; };
		EE67632020A1CE8800CAE2AB /* Write_Graph_Image.h */ = {isa = PBXFileReference; lastKnownFileType = sourcecode.c.h; path = Write_Graph_Image.h; sourceTree = "<group>"; };
		EE95BA3B221AE22C0010DB57 /* Triangles_Graph.h */ = {isa = PBXFileReference; lastKnownFileType = sourcecode.c.h; path = Triangles_Graph.h; sourceTree = "<group>"; };
		EEE934601FA21DD30072A588 /* Generate_Uniform_Pt.h */ = {isa = PBXFileReference; lastKnownFileType = sourcecode.c.h; path = Generate_Uniform_Pt.h; sourceTree = "<group>"; };
		EEE934611FA21E1E0072A588 /* Generate_Gaussian_Pt.h */ = {isa = PBXFileReference; lastKnownFileType = sourcecode.c.h; path = Generate_Gaussian_Pt.h; sourceTree = "<group>"; };
		EEEA956C1FA7819C001FB275 /* Directory.h */ = {isa = PBXFileReference; lastKnownFileType = sourcecode.c.h; path = Directory.h; sourceTree = "<group>"; };
		EEEC60661FE034ED001B9391 /* Print_Info.h */ = {isa = PBXFileReference; lastKnownFileType = sourcecode.c.h; path = Print_Info.h; sourceTree = "<group>"; };
/* End PBXFileReference section */

/* Begin PBXFrameworksBuildPhase section */
		EE052C121F83C3C900535ABA /* Frameworks */ = {
			isa = PBXFrameworksBuildPhase;
			buildActionMask = 2147483647;
			files = (
			);
			runOnlyForDeploymentPostprocessing = 0;
		};
/* End PBXFrameworksBuildPhase section */

/* Begin PBXGroup section */
		EE052C0C1F83C3C900535ABA = {
			isa = PBXGroup;
			children = (
				EE052C171F83C3C900535ABA /* Generate_Cloud */,
				EE052C161F83C3C900535ABA /* Products */,
			);
			sourceTree = "<group>";
		};
		EE052C161F83C3C900535ABA /* Products */ = {
			isa = PBXGroup;
			children = (
				EE052C151F83C3C900535ABA /* Generate_Cloud */,
			);
			name = Products;
			sourceTree = "<group>";
		};
		EE052C171F83C3C900535ABA /* Generate_Cloud */ = {
			isa = PBXGroup;
			children = (
				EE2328271FDEDE8B0000D309 /* Betti_Num.h */,
				EE052C3C1F83CC0D00535ABA /* Data_Pt.cpp */,
				EE052C421F83CC0E00535ABA /* Data_Pt.h */,
				EE0354B1216CF4E200CF52AF /* Diagonal_Edges.h */,
				EEEA956C1FA7819C001FB275 /* Directory.h */,
				EE3AC4CD1F8B7EF400B663E7 /* Draw_Cloud.h */,
				EE67631F209C882800CAE2AB /* Draw_Graph.h */,
				EE052C3F1F83CC0D00535ABA /* File_Name.h */,
				EE052C361F83CC0D00535ABA /* Generate_Cloud.cpp */,
				EE052C451F83CC0E00535ABA /* Generate_Cloud.h */,
				EEE934611FA21E1E0072A588 /* Generate_Gaussian_Pt.h */,
				EE052C411F83CC0E00535ABA /* Generate_Graph.h */,
				EE95BA3B221AE22C0010DB57 /* Triangles_Graph.h */,
				EE052C371F83CC0D00535ABA /* Generate_Pt.h */,
				EEE934601FA21DD30072A588 /* Generate_Uniform_Pt.h */,
				EE052C401F83CC0E00535ABA /* Graph.h */,
				EE052C431F83CC0E00535ABA /* Grid_Graph.h */,
				EE052C381F83CC0D00535ABA /* Input.cpp */,
				EE052C3A1F83CC0D00535ABA /* Input.h */,
				EE052C391F83CC0D00535ABA /* Num_To_String.h */,
				EEEC60661FE034ED001B9391 /* Print_Info.h */,
				EE052C351F83CC0C00535ABA /* Read_Input.h */,
				EE2328291FDEF1A30000D309 /* Run_Input.cpp */,
				EE2328281FDEF0320000D309 /* Run_Input.h */,
				EE3AC4CB1F8B7DDC00B663E7 /* Scaling_Parameters.h */,
				EE2328261FDEABE20000D309 /* Squares_Graph.h */,
				EE052C3B1F83CC0D00535ABA /* Wheel_Graph.h */,
				EE3AC4CC1F8B7E8800B663E7 /* Write_Cloud_Image.h */,
				EE052C331F83CC0C00535ABA /* Write_Cloud.h */,
				EE67632020A1CE8800CAE2AB /* Write_Graph_Image.h */,
				EE23282B1FDEF2FF0000D309 /* Write_Input.h */,
			);
			path = Generate_Cloud;
			sourceTree = "<group>";
		};
/* End PBXGroup section */

/* Begin PBXNativeTarget section */
		EE052C141F83C3C900535ABA /* Generate_Cloud */ = {
			isa = PBXNativeTarget;
			buildConfigurationList = EE052C1C1F83C3C900535ABA /* Build configuration list for PBXNativeTarget "Generate_Cloud" */;
			buildPhases = (
				EE052C111F83C3C900535ABA /* Sources */,
				EE052C121F83C3C900535ABA /* Frameworks */,
				EE052C131F83C3C900535ABA /* CopyFiles */,
			);
			buildRules = (
			);
			dependencies = (
			);
			name = Generate_Cloud;
			productName = Generate_Cloud;
			productReference = EE052C151F83C3C900535ABA /* Generate_Cloud */;
			productType = "com.apple.product-type.tool";
		};
/* End PBXNativeTarget section */

/* Begin PBXProject section */
		EE052C0D1F83C3C900535ABA /* Project object */ = {
			isa = PBXProject;
			attributes = {
				LastUpgradeCheck = 0900;
				ORGANIZATIONNAME = "Phil Smith";
				TargetAttributes = {
					EE052C141F83C3C900535ABA = {
						CreatedOnToolsVersion = 9.0;
						ProvisioningStyle = Automatic;
					};
				};
			};
			buildConfigurationList = EE052C101F83C3C900535ABA /* Build configuration list for PBXProject "Generate_Cloud" */;
			compatibilityVersion = "Xcode 8.0";
			developmentRegion = en;
			hasScannedForEncodings = 0;
			knownRegions = (
				en,
			);
			mainGroup = EE052C0C1F83C3C900535ABA;
			productRefGroup = EE052C161F83C3C900535ABA /* Products */;
			projectDirPath = "";
			projectRoot = "";
			targets = (
				EE052C141F83C3C900535ABA /* Generate_Cloud */,
			);
		};
/* End PBXProject section */

/* Begin PBXSourcesBuildPhase section */
		EE052C111F83C3C900535ABA /* Sources */ = {
			isa = PBXSourcesBuildPhase;
			buildActionMask = 2147483647;
			files = (
				EE052C491F83CC0E00535ABA /* Data_Pt.cpp in Sources */,
				EE052C481F83CC0E00535ABA /* Input.cpp in Sources */,
				EE23282A1FDEF1A30000D309 /* Run_Input.cpp in Sources */,
				EE052C471F83CC0E00535ABA /* Generate_Cloud.cpp in Sources */,
			);
			runOnlyForDeploymentPostprocessing = 0;
		};
/* End PBXSourcesBuildPhase section */

/* Begin XCBuildConfiguration section */
		EE052C1A1F83C3C900535ABA /* Debug */ = {
			isa = XCBuildConfiguration;
			buildSettings = {
				ALWAYS_SEARCH_USER_PATHS = NO;
				CLANG_ANALYZER_NONNULL = YES;
				CLANG_ANALYZER_NUMBER_OBJECT_CONVERSION = YES_AGGRESSIVE;
				CLANG_CXX_LANGUAGE_STANDARD = "gnu++14";
				CLANG_CXX_LIBRARY = "libc++";
				CLANG_ENABLE_MODULES = YES;
				CLANG_ENABLE_OBJC_ARC = YES;
				CLANG_WARN_BLOCK_CAPTURE_AUTORELEASING = YES;
				CLANG_WARN_BOOL_CONVERSION = YES;
				CLANG_WARN_COMMA = YES;
				CLANG_WARN_CONSTANT_CONVERSION = YES;
				CLANG_WARN_DIRECT_OBJC_ISA_USAGE = YES_ERROR;
				CLANG_WARN_DOCUMENTATION_COMMENTS = YES;
				CLANG_WARN_EMPTY_BODY = YES;
				CLANG_WARN_ENUM_CONVERSION = YES;
				CLANG_WARN_INFINITE_RECURSION = YES;
				CLANG_WARN_INT_CONVERSION = YES;
				CLANG_WARN_NON_LITERAL_NULL_CONVERSION = YES;
				CLANG_WARN_OBJC_LITERAL_CONVERSION = YES;
				CLANG_WARN_OBJC_ROOT_CLASS = YES_ERROR;
				CLANG_WARN_RANGE_LOOP_ANALYSIS = YES;
				CLANG_WARN_STRICT_PROTOTYPES = YES;
				CLANG_WARN_SUSPICIOUS_MOVE = YES;
				CLANG_WARN_UNGUARDED_AVAILABILITY = YES_AGGRESSIVE;
				CLANG_WARN_UNREACHABLE_CODE = YES;
				CLANG_WARN__DUPLICATE_METHOD_MATCH = YES;
				CODE_SIGN_IDENTITY = "-";
				COPY_PHASE_STRIP = NO;
				DEBUG_INFORMATION_FORMAT = dwarf;
				ENABLE_STRICT_OBJC_MSGSEND = YES;
				ENABLE_TESTABILITY = YES;
				GCC_C_LANGUAGE_STANDARD = gnu11;
				GCC_DYNAMIC_NO_PIC = NO;
				GCC_NO_COMMON_BLOCKS = YES;
				GCC_OPTIMIZATION_LEVEL = 0;
				GCC_PREPROCESSOR_DEFINITIONS = (
					"DEBUG=1",
					"$(inherited)",
				);
				GCC_WARN_64_TO_32_BIT_CONVERSION = YES;
				GCC_WARN_ABOUT_RETURN_TYPE = YES_ERROR;
				GCC_WARN_UNDECLARED_SELECTOR = YES;
				GCC_WARN_UNINITIALIZED_AUTOS = YES_AGGRESSIVE;
				GCC_WARN_UNUSED_FUNCTION = YES;
				GCC_WARN_UNUSED_VARIABLE = YES;
				MACOSX_DEPLOYMENT_TARGET = 10.12;
				MTL_ENABLE_DEBUG_INFO = YES;
				ONLY_ACTIVE_ARCH = YES;
				SDKROOT = macosx;
			};
			name = Debug;
		};
		EE052C1B1F83C3C900535ABA /* Release */ = {
			isa = XCBuildConfiguration;
			buildSettings = {
				ALWAYS_SEARCH_USER_PATHS = NO;
				CLANG_ANALYZER_NONNULL = YES;
				CLANG_ANALYZER_NUMBER_OBJECT_CONVERSION = YES_AGGRESSIVE;
				CLANG_CXX_LANGUAGE_STANDARD = "gnu++14";
				CLANG_CXX_LIBRARY = "libc++";
				CLANG_ENABLE_MODULES = YES;
				CLANG_ENABLE_OBJC_ARC = YES;
				CLANG_WARN_BLOCK_CAPTURE_AUTORELEASING = YES;
				CLANG_WARN_BOOL_CONVERSION = YES;
				CLANG_WARN_COMMA = YES;
				CLANG_WARN_CONSTANT_CONVERSION = YES;
				CLANG_WARN_DIRECT_OBJC_ISA_USAGE = YES_ERROR;
				CLANG_WARN_DOCUMENTATION_COMMENTS = YES;
				CLANG_WARN_EMPTY_BODY = YES;
				CLANG_WARN_ENUM_CONVERSION = YES;
				CLANG_WARN_INFINITE_RECURSION = YES;
				CLANG_WARN_INT_CONVERSION = YES;
				CLANG_WARN_NON_LITERAL_NULL_CONVERSION = YES;
				CLANG_WARN_OBJC_LITERAL_CONVERSION = YES;
				CLANG_WARN_OBJC_ROOT_CLASS = YES_ERROR;
				CLANG_WARN_RANGE_LOOP_ANALYSIS = YES;
				CLANG_WARN_STRICT_PROTOTYPES = YES;
				CLANG_WARN_SUSPICIOUS_MOVE = YES;
				CLANG_WARN_UNGUARDED_AVAILABILITY = YES_AGGRESSIVE;
				CLANG_WARN_UNREACHABLE_CODE = YES;
				CLANG_WARN__DUPLICATE_METHOD_MATCH = YES;
				CODE_SIGN_IDENTITY = "-";
				COPY_PHASE_STRIP = NO;
				DEBUG_INFORMATION_FORMAT = "dwarf-with-dsym";
				ENABLE_NS_ASSERTIONS = NO;
				ENABLE_STRICT_OBJC_MSGSEND = YES;
				GCC_C_LANGUAGE_STANDARD = gnu11;
				GCC_NO_COMMON_BLOCKS = YES;
				GCC_WARN_64_TO_32_BIT_CONVERSION = YES;
				GCC_WARN_ABOUT_RETURN_TYPE = YES_ERROR;
				GCC_WARN_UNDECLARED_SELECTOR = YES;
				GCC_WARN_UNINITIALIZED_AUTOS = YES_AGGRESSIVE;
				GCC_WARN_UNUSED_FUNCTION = YES;
				GCC_WARN_UNUSED_VARIABLE = YES;
				MACOSX_DEPLOYMENT_TARGET = 10.12;
				MTL_ENABLE_DEBUG_INFO = NO;
				SDKROOT = macosx;
			};
			name = Release;
		};
		EE052C1D1F83C3C900535ABA /* Debug */ = {
			isa = XCBuildConfiguration;
			buildSettings = {
				ALWAYS_SEARCH_USER_PATHS = YES;
				CLANG_WARN_DOCUMENTATION_COMMENTS = NO;
				CODE_SIGN_STYLE = Automatic;
				HEADER_SEARCH_PATHS = (
					/usr/local/Cellar/opencv/3.3.0_3/include,
					/usr/local/Cellar/boost/1.65.1/include,
				);
				LIBRARY_SEARCH_PATHS = (
					/usr/local/Cellar/boost/1.65.1/lib,
					/usr/local/Cellar/opencv/3.3.0_3/lib,
				);
				OTHER_LDFLAGS = (
					"-lopencv_calib3d",
					"-lopencv_core",
					"-lopencv_features2d",
					"-lopencv_flann",
					"-lopencv_highgui",
					"-lopencv_imgcodecs",
					"-lopencv_imgproc",
					"-lopencv_ml",
					"-lopencv_objdetect",
					"-lopencv_photo",
					"-lopencv_shape",
					"-lopencv_stitching",
					"-lopencv_superres",
					"-lopencv_video",
					"-lopencv_videoio",
					"-lopencv_videostab",
					"-lboost_filesystem",
					"-lboost_system",
				);
				PRODUCT_NAME = "$(TARGET_NAME)";
			};
			name = Debug;
		};
		EE052C1E1F83C3C900535ABA /* Release */ = {
			isa = XCBuildConfiguration;
			buildSettings = {
				ALWAYS_SEARCH_USER_PATHS = YES;
				CLANG_WARN_DOCUMENTATION_COMMENTS = NO;
				CODE_SIGN_STYLE = Automatic;
				HEADER_SEARCH_PATHS = (
					/usr/local/Cellar/opencv/3.3.0_3/include,
					/usr/local/Cellar/boost/1.65.1/include,
				);
				LIBRARY_SEARCH_PATHS = (
					/usr/local/Cellar/boost/1.65.1/lib,
					/usr/local/Cellar/opencv/3.3.0_3/lib,
				);
				OTHER_LDFLAGS = (
					"-lopencv_calib3d",
					"-lopencv_core",
					"-lopencv_features2d",
					"-lopencv_flann",
					"-lopencv_highgui",
					"-lopencv_imgcodecs",
					"-lopencv_imgproc",
					"-lopencv_ml",
					"-lopencv_objdetect",
					"-lopencv_photo",
					"-lopencv_shape",
					"-lopencv_stitching",
					"-lopencv_superres",
					"-lopencv_video",
					"-lopencv_videoio",
					"-lopencv_videostab",
					"-lboost_filesystem",
					"-lboost_system",
				);
				PRODUCT_NAME = "$(TARGET_NAME)";
			};
			name = Release;
		};
/* End XCBuildConfiguration section */

/* Begin XCConfigurationList section */
		EE052C101F83C3C900535ABA /* Build configuration list for PBXProject "Generate_Cloud" */ = {
			isa = XCConfigurationList;
			buildConfigurations = (
				EE052C1A1F83C3C900535ABA /* Debug */,
				EE052C1B1F83C3C900535ABA /* Release */,
			);
			defaultConfigurationIsVisible = 0;
			defaultConfigurationName = Release;
		};
		EE052C1C1F83C3C900535ABA /* Build configuration list for PBXNativeTarget "Generate_Cloud" */ = {
			isa = XCConfigurationList;
			buildConfigurations = (
				EE052C1D1F83C3C900535ABA /* Debug */,
				EE052C1E1F83C3C900535ABA /* Release */,
			);
			defaultConfigurationIsVisible = 0;
			defaultConfigurationName = Release;
		};
/* End XCConfigurationList section */
	};
	rootObject = EE052C0D1F83C3C900535ABA /* Project object */;
}
